
Microsoft Visual Studio Solution File, Format Version 12.00
# Visual Studio Version 17
VisualStudioVersion = 17.7.34302.85
MinimumVisualStudioVersion = 10.0.40219.1
Project("{2150E333-8FDC-42A3-9474-1A3956D46DE8}") = "src", "src", "{69B7471A-8C37-4BED-A353-0071EE0C7E35}"
EndProject
Project("{9A19103F-16F7-4668-BE54-9A1E7A4F7556}") = "Microsoft.Azure.WebJobs.Extensions.MySql", "src\Microsoft.Azure.WebJobs.Extensions.MySql.csproj", "{E9B85FBB-6381-49AD-AE8B-48C9D4254A71}"
EndProject
Project("{2150E333-8FDC-42A3-9474-1A3956D46DE8}") = "samples", "samples", "{F668CC0F-A3DF-4BE7-93A5-ABBB0CB92844}"
EndProject
Project("{9A19103F-16F7-4668-BE54-9A1E7A4F7556}") = "Microsoft.Azure.WebJobs.Extensions.MySql.Samples", "samples\samples-csharp\Microsoft.Azure.WebJobs.Extensions.MySql.Samples.csproj", "{E4D38E2D-3E3A-4A72-9025-04C6E82B14F0}"
	ProjectSection(ProjectDependencies) = postProject
		{E9B85FBB-6381-49AD-AE8B-48C9D4254A71} = {E9B85FBB-6381-49AD-AE8B-48C9D4254A71}
	EndProjectSection
EndProject
Project("{2150E333-8FDC-42A3-9474-1A3956D46DE8}") = "test", "test", "{302231F0-D391-4BF7-9F6C-6F98BE763916}"
EndProject
Project("{9A19103F-16F7-4668-BE54-9A1E7A4F7556}") = "Microsoft.Azure.WebJobs.Extensions.MySql.Tests", "test\Microsoft.Azure.WebJobs.Extensions.MySql.Tests.csproj", "{01AFD7B8-AECA-4BCC-A67C-629A4E3BD278}"
EndProject
Project("{2150E333-8FDC-42A3-9474-1A3956D46DE8}") = "Worker.Extensions.MySql", "Worker.Extensions.MySql", "{5736B00F-1CD3-4B12-85E2-44C7E90823D5}"
EndProject
Project("{9A19103F-16F7-4668-BE54-9A1E7A4F7556}") = "Microsoft.Azure.Functions.Worker.Extensions.MySql", "Worker.Extensions.MySql\Microsoft.Azure.Functions.Worker.Extensions.MySql.csproj", "{6A1FF6D6-626F-4427-A834-C465BE9F8752}"
EndProject
Project("{9A19103F-16F7-4668-BE54-9A1E7A4F7556}") = "Microsoft.Azure.WebJobs.Extensions.MySql.SamplesOutOfProc", "samples\samples-outofproc\Microsoft.Azure.WebJobs.Extensions.MySql.SamplesOutOfProc.csproj", "{E70997AD-892F-415E-B6E0-BFB17457B34A}"
EndProject
Global
	GlobalSection(SolutionConfigurationPlatforms) = preSolution
		Debug|Any CPU = Debug|Any CPU
		Release|Any CPU = Release|Any CPU
	EndGlobalSection
	GlobalSection(ProjectConfigurationPlatforms) = postSolution
		{E9B85FBB-6381-49AD-AE8B-48C9D4254A71}.Debug|Any CPU.ActiveCfg = Debug|Any CPU
		{E9B85FBB-6381-49AD-AE8B-48C9D4254A71}.Debug|Any CPU.Build.0 = Debug|Any CPU
		{E9B85FBB-6381-49AD-AE8B-48C9D4254A71}.Release|Any CPU.ActiveCfg = Release|Any CPU
		{E9B85FBB-6381-49AD-AE8B-48C9D4254A71}.Release|Any CPU.Build.0 = Release|Any CPU
		{E4D38E2D-3E3A-4A72-9025-04C6E82B14F0}.Debug|Any CPU.ActiveCfg = Debug|Any CPU
		{E4D38E2D-3E3A-4A72-9025-04C6E82B14F0}.Debug|Any CPU.Build.0 = Debug|Any CPU
		{E4D38E2D-3E3A-4A72-9025-04C6E82B14F0}.Release|Any CPU.ActiveCfg = Release|Any CPU
		{E4D38E2D-3E3A-4A72-9025-04C6E82B14F0}.Release|Any CPU.Build.0 = Release|Any CPU
		{01AFD7B8-AECA-4BCC-A67C-629A4E3BD278}.Debug|Any CPU.ActiveCfg = Debug|Any CPU
		{01AFD7B8-AECA-4BCC-A67C-629A4E3BD278}.Debug|Any CPU.Build.0 = Debug|Any CPU
		{01AFD7B8-AECA-4BCC-A67C-629A4E3BD278}.Release|Any CPU.ActiveCfg = Release|Any CPU
		{01AFD7B8-AECA-4BCC-A67C-629A4E3BD278}.Release|Any CPU.Build.0 = Release|Any CPU
		{6A1FF6D6-626F-4427-A834-C465BE9F8752}.Debug|Any CPU.ActiveCfg = Debug|Any CPU
		{6A1FF6D6-626F-4427-A834-C465BE9F8752}.Debug|Any CPU.Build.0 = Debug|Any CPU
		{6A1FF6D6-626F-4427-A834-C465BE9F8752}.Release|Any CPU.ActiveCfg = Release|Any CPU
		{6A1FF6D6-626F-4427-A834-C465BE9F8752}.Release|Any CPU.Build.0 = Release|Any CPU
		{E70997AD-892F-415E-B6E0-BFB17457B34A}.Debug|Any CPU.ActiveCfg = Debug|Any CPU
		{E70997AD-892F-415E-B6E0-BFB17457B34A}.Debug|Any CPU.Build.0 = Debug|Any CPU
		{E70997AD-892F-415E-B6E0-BFB17457B34A}.Release|Any CPU.ActiveCfg = Release|Any CPU
		{E70997AD-892F-415E-B6E0-BFB17457B34A}.Release|Any CPU.Build.0 = Release|Any CPU
	EndGlobalSection
	GlobalSection(SolutionProperties) = preSolution
		HideSolutionNode = FALSE
	EndGlobalSection
	GlobalSection(NestedProjects) = preSolution
		{E9B85FBB-6381-49AD-AE8B-48C9D4254A71} = {69B7471A-8C37-4BED-A353-0071EE0C7E35}
		{E4D38E2D-3E3A-4A72-9025-04C6E82B14F0} = {F668CC0F-A3DF-4BE7-93A5-ABBB0CB92844}
		{01AFD7B8-AECA-4BCC-A67C-629A4E3BD278} = {302231F0-D391-4BF7-9F6C-6F98BE763916}
		{6A1FF6D6-626F-4427-A834-C465BE9F8752} = {5736B00F-1CD3-4B12-85E2-44C7E90823D5}
		{E70997AD-892F-415E-B6E0-BFB17457B34A} = {F668CC0F-A3DF-4BE7-93A5-ABBB0CB92844}
	EndGlobalSection
	GlobalSection(ExtensibilityGlobals) = postSolution
		SolutionGuid = {38917C5A-1D6F-4894-8324-8B5B18070485}
	EndGlobalSection
EndGlobal
